
Microsoft Visual Studio Solution File, Format Version 12.00
# Visual Studio Version 17
VisualStudioVersion = 17.10.35122.118
MinimumVisualStudioVersion = 10.0.40219.1
Project("{FAE04EC0-301F-11D3-BF4B-00C04F79EFBC}") = "server-computer-craft", "server-computer-craft.csproj", "{8B267BAE-E02E-4242-9563-41B251393633}"
EndProject
Global
	GlobalSection(SolutionConfigurationPlatforms) = preSolution
		Debug|Any CPU = Debug|Any CPU
		Release|Any CPU = Release|Any CPU
	EndGlobalSection
	GlobalSection(ProjectConfigurationPlatforms) = postSolution
		{8B267BAE-E02E-4242-9563-41B251393633}.Debug|Any CPU.ActiveCfg = Debug|Any CPU
		{8B267BAE-E02E-4242-9563-41B251393633}.Debug|Any CPU.Build.0 = Debug|Any CPU
		{8B267BAE-E02E-4242-9563-41B251393633}.Release|Any CPU.ActiveCfg = Release|Any CPU
		{8B267BAE-E02E-4242-9563-41B251393633}.Release|Any CPU.Build.0 = Release|Any CPU
	EndGlobalSection
	GlobalSection(SolutionProperties) = preSolution
		HideSolutionNode = FALSE
	EndGlobalSection
	GlobalSection(ExtensibilityGlobals) = postSolution
		SolutionGuid = {8389D697-2755-46AF-AF81-64AA9A630154}
	EndGlobalSection
EndGlobal
